
Microsoft Visual Studio Solution File, Format Version 12.00
# Visual Studio Version 17
VisualStudioVersion = 17.6.33723.286
MinimumVisualStudioVersion = 10.0.40219.1
Project("{FAE04EC0-301F-11D3-BF4B-00C04F79EFBC}") = "DataBasePlayer", "DataBasePlayer.csproj", "{DB5B7501-C7C2-49AE-BC1C-8CCD59423966}"
EndProject
Global
	GlobalSection(SolutionConfigurationPlatforms) = preSolution
		Debug|Any CPU = Debug|Any CPU
		Release|Any CPU = Release|Any CPU
	EndGlobalSection
	GlobalSection(ProjectConfigurationPlatforms) = postSolution
		{DB5B7501-C7C2-49AE-BC1C-8CCD59423966}.Debug|Any CPU.ActiveCfg = Debug|Any CPU
		{DB5B7501-C7C2-49AE-BC1C-8CCD59423966}.Debug|Any CPU.Build.0 = Debug|Any CPU
		{DB5B7501-C7C2-49AE-BC1C-8CCD59423966}.Release|Any CPU.ActiveCfg = Release|Any CPU
		{DB5B7501-C7C2-49AE-BC1C-8CCD59423966}.Release|Any CPU.Build.0 = Release|Any CPU
	EndGlobalSection
	GlobalSection(SolutionProperties) = preSolution
		HideSolutionNode = FALSE
	EndGlobalSection
	GlobalSection(ExtensibilityGlobals) = postSolution
		SolutionGuid = {FE2A8385-D70D-415A-ABC4-13303C3FFD5C}
	EndGlobalSection
EndGlobal
